
Microsoft Visual Studio Solution File, Format Version 12.00
# Visual Studio 14
VisualStudioVersion = 14.0.25420.1
MinimumVisualStudioVersion = 10.0.40219.1
Project("{FAE04EC0-301F-11D3-BF4B-00C04F79EFBC}") = "AQShop.Common", "AQShop.Common\AQShop.Common.csproj", "{F68DB15B-4903-4C36-BB45-B59CA846C42B}"
EndProject
Project("{FAE04EC0-301F-11D3-BF4B-00C04F79EFBC}") = "AQShop.Model", "AQShop.Model\AQShop.Model.csproj", "{7AA4C9DA-D1E5-4371-935E-EA0811D90488}"
EndProject
Project("{FAE04EC0-301F-11D3-BF4B-00C04F79EFBC}") = "AQShop.Data", "AQShop.Data\AQShop.Data.csproj", "{A2E95EAD-A33C-4E23-92CF-6F66207ACEA6}"
EndProject
Project("{FAE04EC0-301F-11D3-BF4B-00C04F79EFBC}") = "AQShop.Service", "AQShop.Service\AQShop.Service.csproj", "{3C6CECF0-F9BE-4292-A68B-1B2FD9F322A0}"
EndProject
Project("{FAE04EC0-301F-11D3-BF4B-00C04F79EFBC}") = "AQShop.Web", "AQShop.Web\AQShop.Web.csproj", "{0332FA0E-C525-492B-80C8-EAD8D457AB83}"
EndProject
Project("{FAE04EC0-301F-11D3-BF4B-00C04F79EFBC}") = "AQShop.UnitTest", "AQShop.UnitTest\AQShop.UnitTest.csproj", "{20B3558D-C928-4A7F-9629-4806BC6B3DF5}"
EndProject
Global
	GlobalSection(SolutionConfigurationPlatforms) = preSolution
		Debug|Any CPU = Debug|Any CPU
		Release|Any CPU = Release|Any CPU
	EndGlobalSection
	GlobalSection(ProjectConfigurationPlatforms) = postSolution
		{F68DB15B-4903-4C36-BB45-B59CA846C42B}.Debug|Any CPU.ActiveCfg = Debug|Any CPU
		{F68DB15B-4903-4C36-BB45-B59CA846C42B}.Debug|Any CPU.Build.0 = Debug|Any CPU
		{F68DB15B-4903-4C36-BB45-B59CA846C42B}.Release|Any CPU.ActiveCfg = Release|Any CPU
		{F68DB15B-4903-4C36-BB45-B59CA846C42B}.Release|Any CPU.Build.0 = Release|Any CPU
		{7AA4C9DA-D1E5-4371-935E-EA0811D90488}.Debug|Any CPU.ActiveCfg = Debug|Any CPU
		{7AA4C9DA-D1E5-4371-935E-EA0811D90488}.Debug|Any CPU.Build.0 = Debug|Any CPU
		{7AA4C9DA-D1E5-4371-935E-EA0811D90488}.Release|Any CPU.ActiveCfg = Release|Any CPU
		{7AA4C9DA-D1E5-4371-935E-EA0811D90488}.Release|Any CPU.Build.0 = Release|Any CPU
		{A2E95EAD-A33C-4E23-92CF-6F66207ACEA6}.Debug|Any CPU.ActiveCfg = Debug|Any CPU
		{A2E95EAD-A33C-4E23-92CF-6F66207ACEA6}.Debug|Any CPU.Build.0 = Debug|Any CPU
		{A2E95EAD-A33C-4E23-92CF-6F66207ACEA6}.Release|Any CPU.ActiveCfg = Release|Any CPU
		{A2E95EAD-A33C-4E23-92CF-6F66207ACEA6}.Release|Any CPU.Build.0 = Release|Any CPU
		{3C6CECF0-F9BE-4292-A68B-1B2FD9F322A0}.Debug|Any CPU.ActiveCfg = Debug|Any CPU
		{3C6CECF0-F9BE-4292-A68B-1B2FD9F322A0}.Debug|Any CPU.Build.0 = Debug|Any CPU
		{3C6CECF0-F9BE-4292-A68B-1B2FD9F322A0}.Release|Any CPU.ActiveCfg = Release|Any CPU
		{3C6CECF0-F9BE-4292-A68B-1B2FD9F322A0}.Release|Any CPU.Build.0 = Release|Any CPU
		{0332FA0E-C525-492B-80C8-EAD8D457AB83}.Debug|Any CPU.ActiveCfg = Debug|Any CPU
		{0332FA0E-C525-492B-80C8-EAD8D457AB83}.Debug|Any CPU.Build.0 = Debug|Any CPU
		{0332FA0E-C525-492B-80C8-EAD8D457AB83}.Release|Any CPU.ActiveCfg = Release|Any CPU
		{0332FA0E-C525-492B-80C8-EAD8D457AB83}.Release|Any CPU.Build.0 = Release|Any CPU
		{20B3558D-C928-4A7F-9629-4806BC6B3DF5}.Debug|Any CPU.ActiveCfg = Debug|Any CPU
		{20B3558D-C928-4A7F-9629-4806BC6B3DF5}.Debug|Any CPU.Build.0 = Debug|Any CPU
		{20B3558D-C928-4A7F-9629-4806BC6B3DF5}.Release|Any CPU.ActiveCfg = Release|Any CPU
		{20B3558D-C928-4A7F-9629-4806BC6B3DF5}.Release|Any CPU.Build.0 = Release|Any CPU
	EndGlobalSection
	GlobalSection(SolutionProperties) = preSolution
		HideSolutionNode = FALSE
	EndGlobalSection
EndGlobal
